
Microsoft Visual Studio Solution File, Format Version 12.00
# Visual Studio Version 16
VisualStudioVersion = 16.0.30711.63
MinimumVisualStudioVersion = 10.0.40219.1
Project("{FAE04EC0-301F-11D3-BF4B-00C04F79EFBC}") = "GuiMiGooo.Android", "GuiMiGooo\GuiMiGooo.Android\GuiMiGooo.Android.csproj", "{FA7D7A6C-1007-457B-94D8-0092882C3540}"
EndProject
Project("{FAE04EC0-301F-11D3-BF4B-00C04F79EFBC}") = "GuiMiGooo.iOS", "GuiMiGooo\GuiMiGooo.iOS\GuiMiGooo.iOS.csproj", "{B1DAFA53-D818-49B5-A8D2-6B907CB7DFD0}"
EndProject
Project("{FAE04EC0-301F-11D3-BF4B-00C04F79EFBC}") = "GuiMiGooo", "GuiMiGooo\GuiMiGooo\GuiMiGooo.csproj", "{4A106932-C603-4F84-AA97-348D3815E8A2}"
EndProject
Global
	GlobalSection(SolutionConfigurationPlatforms) = preSolution
		Debug|Any CPU = Debug|Any CPU
		Debug|iPhone = Debug|iPhone
		Debug|iPhoneSimulator = Debug|iPhoneSimulator
		Release|Any CPU = Release|Any CPU
		Release|iPhone = Release|iPhone
		Release|iPhoneSimulator = Release|iPhoneSimulator
	EndGlobalSection
	GlobalSection(ProjectConfigurationPlatforms) = postSolution
		{FA7D7A6C-1007-457B-94D8-0092882C3540}.Debug|Any CPU.ActiveCfg = Debug|Any CPU
		{FA7D7A6C-1007-457B-94D8-0092882C3540}.Debug|Any CPU.Build.0 = Debug|Any CPU
		{FA7D7A6C-1007-457B-94D8-0092882C3540}.Debug|Any CPU.Deploy.0 = Debug|Any CPU
		{FA7D7A6C-1007-457B-94D8-0092882C3540}.Debug|iPhone.ActiveCfg = Debug|Any CPU
		{FA7D7A6C-1007-457B-94D8-0092882C3540}.Debug|iPhone.Build.0 = Debug|Any CPU
		{FA7D7A6C-1007-457B-94D8-0092882C3540}.Debug|iPhone.Deploy.0 = Debug|Any CPU
		{FA7D7A6C-1007-457B-94D8-0092882C3540}.Debug|iPhoneSimulator.ActiveCfg = Debug|Any CPU
		{FA7D7A6C-1007-457B-94D8-0092882C3540}.Debug|iPhoneSimulator.Build.0 = Debug|Any CPU
		{FA7D7A6C-1007-457B-94D8-0092882C3540}.Debug|iPhoneSimulator.Deploy.0 = Debug|Any CPU
		{FA7D7A6C-1007-457B-94D8-0092882C3540}.Release|Any CPU.ActiveCfg = Release|Any CPU
		{FA7D7A6C-1007-457B-94D8-0092882C3540}.Release|Any CPU.Build.0 = Release|Any CPU
		{FA7D7A6C-1007-457B-94D8-0092882C3540}.Release|Any CPU.Deploy.0 = Release|Any CPU
		{FA7D7A6C-1007-457B-94D8-0092882C3540}.Release|iPhone.ActiveCfg = Release|Any CPU
		{FA7D7A6C-1007-457B-94D8-0092882C3540}.Release|iPhone.Build.0 = Release|Any CPU
		{FA7D7A6C-1007-457B-94D8-0092882C3540}.Release|iPhone.Deploy.0 = Release|Any CPU
		{FA7D7A6C-1007-457B-94D8-0092882C3540}.Release|iPhoneSimulator.ActiveCfg = Release|Any CPU
		{FA7D7A6C-1007-457B-94D8-0092882C3540}.Release|iPhoneSimulator.Build.0 = Release|Any CPU
		{FA7D7A6C-1007-457B-94D8-0092882C3540}.Release|iPhoneSimulator.Deploy.0 = Release|Any CPU
		{B1DAFA53-D818-49B5-A8D2-6B907CB7DFD0}.Debug|Any CPU.ActiveCfg = Debug|iPhone
		{B1DAFA53-D818-49B5-A8D2-6B907CB7DFD0}.Debug|Any CPU.Build.0 = Debug|iPhone
		{B1DAFA53-D818-49B5-A8D2-6B907CB7DFD0}.Debug|Any CPU.Deploy.0 = Debug|iPhone
		{B1DAFA53-D818-49B5-A8D2-6B907CB7DFD0}.Debug|iPhone.ActiveCfg = Debug|iPhone
		{B1DAFA53-D818-49B5-A8D2-6B907CB7DFD0}.Debug|iPhone.Build.0 = Debug|iPhone
		{B1DAFA53-D818-49B5-A8D2-6B907CB7DFD0}.Debug|iPhone.Deploy.0 = Debug|iPhone
		{B1DAFA53-D818-49B5-A8D2-6B907CB7DFD0}.Debug|iPhoneSimulator.ActiveCfg = Debug|iPhoneSimulator
		{B1DAFA53-D818-49B5-A8D2-6B907CB7DFD0}.Debug|iPhoneSimulator.Build.0 = Debug|iPhoneSimulator
		{B1DAFA53-D818-49B5-A8D2-6B907CB7DFD0}.Debug|iPhoneSimulator.Deploy.0 = Debug|iPhoneSimulator
		{B1DAFA53-D818-49B5-A8D2-6B907CB7DFD0}.Release|Any CPU.ActiveCfg = Release|iPhoneSimulator
		{B1DAFA53-D818-49B5-A8D2-6B907CB7DFD0}.Release|Any CPU.Build.0 = Release|iPhoneSimulator
		{B1DAFA53-D818-49B5-A8D2-6B907CB7DFD0}.Release|Any CPU.Deploy.0 = Release|iPhoneSimulator
		{B1DAFA53-D818-49B5-A8D2-6B907CB7DFD0}.Release|iPhone.ActiveCfg = Release|iPhone
		{B1DAFA53-D818-49B5-A8D2-6B907CB7DFD0}.Release|iPhone.Build.0 = Release|iPhone
		{B1DAFA53-D818-49B5-A8D2-6B907CB7DFD0}.Release|iPhone.Deploy.0 = Release|iPhone
		{B1DAFA53-D818-49B5-A8D2-6B907CB7DFD0}.Release|iPhoneSimulator.ActiveCfg = Release|iPhoneSimulator
		{B1DAFA53-D818-49B5-A8D2-6B907CB7DFD0}.Release|iPhoneSimulator.Build.0 = Release|iPhoneSimulator
		{B1DAFA53-D818-49B5-A8D2-6B907CB7DFD0}.Release|iPhoneSimulator.Deploy.0 = Release|iPhoneSimulator
		{4A106932-C603-4F84-AA97-348D3815E8A2}.Debug|Any CPU.ActiveCfg = Debug|Any CPU
		{4A106932-C603-4F84-AA97-348D3815E8A2}.Debug|Any CPU.Build.0 = Debug|Any CPU
		{4A106932-C603-4F84-AA97-348D3815E8A2}.Debug|Any CPU.Deploy.0 = Debug|Any CPU
		{4A106932-C603-4F84-AA97-348D3815E8A2}.Debug|iPhone.ActiveCfg = Debug|Any CPU
		{4A106932-C603-4F84-AA97-348D3815E8A2}.Debug|iPhone.Build.0 = Debug|Any CPU
		{4A106932-C603-4F84-AA97-348D3815E8A2}.Debug|iPhone.Deploy.0 = Debug|Any CPU
		{4A106932-C603-4F84-AA97-348D3815E8A2}.Debug|iPhoneSimulator.ActiveCfg = Debug|Any CPU
		{4A106932-C603-4F84-AA97-348D3815E8A2}.Debug|iPhoneSimulator.Build.0 = Debug|Any CPU
		{4A106932-C603-4F84-AA97-348D3815E8A2}.Debug|iPhoneSimulator.Deploy.0 = Debug|Any CPU
		{4A106932-C603-4F84-AA97-348D3815E8A2}.Release|Any CPU.ActiveCfg = Release|Any CPU
		{4A106932-C603-4F84-AA97-348D3815E8A2}.Release|Any CPU.Build.0 = Release|Any CPU
		{4A106932-C603-4F84-AA97-348D3815E8A2}.Release|Any CPU.Deploy.0 = Release|Any CPU
		{4A106932-C603-4F84-AA97-348D3815E8A2}.Release|iPhone.ActiveCfg = Release|Any CPU
		{4A106932-C603-4F84-AA97-348D3815E8A2}.Release|iPhone.Build.0 = Release|Any CPU
		{4A106932-C603-4F84-AA97-348D3815E8A2}.Release|iPhone.Deploy.0 = Release|Any CPU
		{4A106932-C603-4F84-AA97-348D3815E8A2}.Release|iPhoneSimulator.ActiveCfg = Release|Any CPU
		{4A106932-C603-4F84-AA97-348D3815E8A2}.Release|iPhoneSimulator.Build.0 = Release|Any CPU
		{4A106932-C603-4F84-AA97-348D3815E8A2}.Release|iPhoneSimulator.Deploy.0 = Release|Any CPU
	EndGlobalSection
	GlobalSection(SolutionProperties) = preSolution
		HideSolutionNode = FALSE
	EndGlobalSection
	GlobalSection(ExtensibilityGlobals) = postSolution
		SolutionGuid = {456BBB13-5588-4317-B80E-225691A4F836}
	EndGlobalSection
EndGlobal
